
Microsoft Visual Studio Solution File, Format Version 11.00
# Visual Studio 2010
# SharpDevelop 4.4
Project("{FD48973F-F585-4F70-812B-4D0503B36CE9}") = "Program 152 b", "Program 152 b\Program 152 b.pyproj", "{4E1B5F8F-1BA5-4DAD-962D-CBE8D7739A72}"
EndProject
Global
	GlobalSection(SolutionConfigurationPlatforms) = preSolution
		Debug|Any CPU = Debug|Any CPU
		Release|Any CPU = Release|Any CPU
	EndGlobalSection
	GlobalSection(ProjectConfigurationPlatforms) = postSolution
		{4E1B5F8F-1BA5-4DAD-962D-CBE8D7739A72}.Debug|Any CPU.Build.0 = Debug|Any CPU
		{4E1B5F8F-1BA5-4DAD-962D-CBE8D7739A72}.Debug|Any CPU.ActiveCfg = Debug|Any CPU
		{4E1B5F8F-1BA5-4DAD-962D-CBE8D7739A72}.Release|Any CPU.Build.0 = Release|Any CPU
		{4E1B5F8F-1BA5-4DAD-962D-CBE8D7739A72}.Release|Any CPU.ActiveCfg = Release|Any CPU
	EndGlobalSection
EndGlobal
