
Microsoft Visual Studio Solution File, Format Version 11.00
# Visual Studio 2010
# SharpDevelop 4.4
Project("{FD48973F-F585-4F70-812B-4D0503B36CE9}") = "LP 4-3     2.0", "LP 4-3     2.0\LP 4-3     2.0.pyproj", "{B2F87BD8-53E2-4BC6-82E8-E072F69C6B36}"
EndProject
Global
	GlobalSection(SolutionConfigurationPlatforms) = preSolution
		Debug|Any CPU = Debug|Any CPU
		Release|Any CPU = Release|Any CPU
	EndGlobalSection
	GlobalSection(ProjectConfigurationPlatforms) = postSolution
		{B2F87BD8-53E2-4BC6-82E8-E072F69C6B36}.Debug|Any CPU.Build.0 = Debug|Any CPU
		{B2F87BD8-53E2-4BC6-82E8-E072F69C6B36}.Debug|Any CPU.ActiveCfg = Debug|Any CPU
		{B2F87BD8-53E2-4BC6-82E8-E072F69C6B36}.Release|Any CPU.Build.0 = Release|Any CPU
		{B2F87BD8-53E2-4BC6-82E8-E072F69C6B36}.Release|Any CPU.ActiveCfg = Release|Any CPU
	EndGlobalSection
EndGlobal
