
Microsoft Visual Studio Solution File, Format Version 11.00
# Visual Studio 2010
# SharpDevelop 4.4
Project("{FD48973F-F585-4F70-812B-4D0503B36CE9}") = "Lang58t", "Lang58t\Lang58t.pyproj", "{28E07DCC-F31D-4175-91ED-91760C5B4557}"
EndProject
Global
	GlobalSection(SolutionConfigurationPlatforms) = preSolution
		Debug|Any CPU = Debug|Any CPU
		Release|Any CPU = Release|Any CPU
	EndGlobalSection
	GlobalSection(ProjectConfigurationPlatforms) = postSolution
		{28E07DCC-F31D-4175-91ED-91760C5B4557}.Debug|Any CPU.Build.0 = Debug|Any CPU
		{28E07DCC-F31D-4175-91ED-91760C5B4557}.Debug|Any CPU.ActiveCfg = Debug|Any CPU
		{28E07DCC-F31D-4175-91ED-91760C5B4557}.Release|Any CPU.Build.0 = Release|Any CPU
		{28E07DCC-F31D-4175-91ED-91760C5B4557}.Release|Any CPU.ActiveCfg = Release|Any CPU
	EndGlobalSection
EndGlobal
