
Microsoft Visual Studio Solution File, Format Version 11.00
# Visual Studio 2010
# SharpDevelop 4.4
Project("{FD48973F-F585-4F70-812B-4D0503B36CE9}") = "Program 122c", "Program 122c\Program 122c.pyproj", "{2CE70B87-AE96-41D3-98C3-0AC3137E61B5}"
EndProject
Global
	GlobalSection(SolutionConfigurationPlatforms) = preSolution
		Debug|Any CPU = Debug|Any CPU
		Release|Any CPU = Release|Any CPU
	EndGlobalSection
	GlobalSection(ProjectConfigurationPlatforms) = postSolution
		{2CE70B87-AE96-41D3-98C3-0AC3137E61B5}.Debug|Any CPU.Build.0 = Debug|Any CPU
		{2CE70B87-AE96-41D3-98C3-0AC3137E61B5}.Debug|Any CPU.ActiveCfg = Debug|Any CPU
		{2CE70B87-AE96-41D3-98C3-0AC3137E61B5}.Release|Any CPU.Build.0 = Release|Any CPU
		{2CE70B87-AE96-41D3-98C3-0AC3137E61B5}.Release|Any CPU.ActiveCfg = Release|Any CPU
	EndGlobalSection
EndGlobal
