
Microsoft Visual Studio Solution File, Format Version 11.00
# Visual Studio 2010
# SharpDevelop 4.4
Project("{FD48973F-F585-4F70-812B-4D0503B36CE9}") = "LP4_1", "LP4_1\LP4_1.pyproj", "{48975069-40A2-4870-BB9B-9F7D772FA585}"
EndProject
Global
	GlobalSection(SolutionConfigurationPlatforms) = preSolution
		Debug|Any CPU = Debug|Any CPU
		Release|Any CPU = Release|Any CPU
	EndGlobalSection
	GlobalSection(ProjectConfigurationPlatforms) = postSolution
		{48975069-40A2-4870-BB9B-9F7D772FA585}.Debug|Any CPU.Build.0 = Debug|Any CPU
		{48975069-40A2-4870-BB9B-9F7D772FA585}.Debug|Any CPU.ActiveCfg = Debug|Any CPU
		{48975069-40A2-4870-BB9B-9F7D772FA585}.Release|Any CPU.Build.0 = Release|Any CPU
		{48975069-40A2-4870-BB9B-9F7D772FA585}.Release|Any CPU.ActiveCfg = Release|Any CPU
	EndGlobalSection
EndGlobal
