
Microsoft Visual Studio Solution File, Format Version 11.00
# Visual Studio 2010
# SharpDevelop 4.4
Project("{FD48973F-F585-4F70-812B-4D0503B36CE9}") = "LP 4-3 Script", "LP 4-3 Script\LP 4-3 Script.pyproj", "{EBDDA916-456D-4242-8505-DA03E0C5D4EE}"
EndProject
Global
	GlobalSection(SolutionConfigurationPlatforms) = preSolution
		Debug|Any CPU = Debug|Any CPU
		Release|Any CPU = Release|Any CPU
	EndGlobalSection
	GlobalSection(ProjectConfigurationPlatforms) = postSolution
		{EBDDA916-456D-4242-8505-DA03E0C5D4EE}.Debug|Any CPU.Build.0 = Debug|Any CPU
		{EBDDA916-456D-4242-8505-DA03E0C5D4EE}.Debug|Any CPU.ActiveCfg = Debug|Any CPU
		{EBDDA916-456D-4242-8505-DA03E0C5D4EE}.Release|Any CPU.Build.0 = Release|Any CPU
		{EBDDA916-456D-4242-8505-DA03E0C5D4EE}.Release|Any CPU.ActiveCfg = Release|Any CPU
	EndGlobalSection
EndGlobal
