
Microsoft Visual Studio Solution File, Format Version 11.00
# Visual Studio 2010
# SharpDevelop 4.4
Project("{FD48973F-F585-4F70-812B-4D0503B36CE9}") = "Score Average 198", "Score Average 198\Score Average 198.pyproj", "{0DAA7B08-6002-4249-AE3E-F5B082D3E377}"
EndProject
Global
	GlobalSection(SolutionConfigurationPlatforms) = preSolution
		Debug|Any CPU = Debug|Any CPU
		Release|Any CPU = Release|Any CPU
	EndGlobalSection
	GlobalSection(ProjectConfigurationPlatforms) = postSolution
		{0DAA7B08-6002-4249-AE3E-F5B082D3E377}.Debug|Any CPU.Build.0 = Debug|Any CPU
		{0DAA7B08-6002-4249-AE3E-F5B082D3E377}.Debug|Any CPU.ActiveCfg = Debug|Any CPU
		{0DAA7B08-6002-4249-AE3E-F5B082D3E377}.Release|Any CPU.Build.0 = Release|Any CPU
		{0DAA7B08-6002-4249-AE3E-F5B082D3E377}.Release|Any CPU.ActiveCfg = Release|Any CPU
	EndGlobalSection
EndGlobal
