
Microsoft Visual Studio Solution File, Format Version 11.00
# Visual Studio 2010
# SharpDevelop 4.4
Project("{FD48973F-F585-4F70-812B-4D0503B36CE9}") = "String Stuff", "String Stuff\String Stuff.pyproj", "{94FDCCD6-19BB-429E-AA0C-E15EE5CFADD6}"
EndProject
Global
	GlobalSection(SolutionConfigurationPlatforms) = preSolution
		Debug|Any CPU = Debug|Any CPU
		Release|Any CPU = Release|Any CPU
	EndGlobalSection
	GlobalSection(ProjectConfigurationPlatforms) = postSolution
		{94FDCCD6-19BB-429E-AA0C-E15EE5CFADD6}.Debug|Any CPU.Build.0 = Debug|Any CPU
		{94FDCCD6-19BB-429E-AA0C-E15EE5CFADD6}.Debug|Any CPU.ActiveCfg = Debug|Any CPU
		{94FDCCD6-19BB-429E-AA0C-E15EE5CFADD6}.Release|Any CPU.Build.0 = Release|Any CPU
		{94FDCCD6-19BB-429E-AA0C-E15EE5CFADD6}.Release|Any CPU.ActiveCfg = Release|Any CPU
	EndGlobalSection
EndGlobal
